
Microsoft Visual Studio Solution File, Format Version 12.00
# Visual Studio 2015
Project("{FAE04EC0-301F-11D3-BF4B-00C04F79EFBC}") = "Marciano.Plugins", "Marciano.Plugins.csproj", "{AADBC886-48A1-4947-384D-8C566D6A65F0}"
EndProject
Project("{FAE04EC0-301F-11D3-BF4B-00C04F79EFBC}") = "Marciano", "Marciano.csproj", "{7EDBEAC2-E676-AA5A-0352-70A4FE5BBBE4}"
EndProject
Project("{FAE04EC0-301F-11D3-BF4B-00C04F79EFBC}") = "Marciano.Editor.Plugins", "Marciano.Editor.Plugins.csproj", "{CE78C682-BF23-FD3D-529D-AE2034F47F2D}"
EndProject
Global
	GlobalSection(SolutionConfigurationPlatforms) = preSolution
		Debug|Any CPU = Debug|Any CPU
		Release|Any CPU = Release|Any CPU
	EndGlobalSection
	GlobalSection(ProjectConfigurationPlatforms) = postSolution
		{AADBC886-48A1-4947-384D-8C566D6A65F0}.Debug|Any CPU.ActiveCfg = Debug|Any CPU
		{AADBC886-48A1-4947-384D-8C566D6A65F0}.Debug|Any CPU.Build.0 = Debug|Any CPU
		{AADBC886-48A1-4947-384D-8C566D6A65F0}.Release|Any CPU.ActiveCfg = Release|Any CPU
		{AADBC886-48A1-4947-384D-8C566D6A65F0}.Release|Any CPU.Build.0 = Release|Any CPU
		{7EDBEAC2-E676-AA5A-0352-70A4FE5BBBE4}.Debug|Any CPU.ActiveCfg = Debug|Any CPU
		{7EDBEAC2-E676-AA5A-0352-70A4FE5BBBE4}.Debug|Any CPU.Build.0 = Debug|Any CPU
		{7EDBEAC2-E676-AA5A-0352-70A4FE5BBBE4}.Release|Any CPU.ActiveCfg = Release|Any CPU
		{7EDBEAC2-E676-AA5A-0352-70A4FE5BBBE4}.Release|Any CPU.Build.0 = Release|Any CPU
		{CE78C682-BF23-FD3D-529D-AE2034F47F2D}.Debug|Any CPU.ActiveCfg = Debug|Any CPU
		{CE78C682-BF23-FD3D-529D-AE2034F47F2D}.Debug|Any CPU.Build.0 = Debug|Any CPU
		{CE78C682-BF23-FD3D-529D-AE2034F47F2D}.Release|Any CPU.ActiveCfg = Release|Any CPU
		{CE78C682-BF23-FD3D-529D-AE2034F47F2D}.Release|Any CPU.Build.0 = Release|Any CPU
	EndGlobalSection
	GlobalSection(SolutionProperties) = preSolution
		HideSolutionNode = FALSE
	EndGlobalSection
EndGlobal
